// !$*UTF8*$!
{
	archiveVersion = 1;
	classes = {
	};
	objectVersion = 46;
	objects = {

/* Begin PBXBuildFile section */
		273DEF641CAAF51C00EBD504 /* SettingsViewController.swift in Sources */ = {isa = PBXBuildFile; fileRef = 273DEF621CAAF51C00EBD504 /* SettingsViewController.swift */; };
		273DEF651CAAF51C00EBD504 /* SettingsViewController.xib in Resources */ = {isa = PBXBuildFile; fileRef = 273DEF631CAAF51C00EBD504 /* SettingsViewController.xib */; };
		276C537D1CA2DE8F00388060 /* InviteFriendsViewController.swift in Sources */ = {isa = PBXBuildFile; fileRef = 276C537B1CA2DE8F00388060 /* InviteFriendsViewController.swift */; };
		276C537E1CA2DE8F00388060 /* InviteFriendsViewController.xib in Resources */ = {isa = PBXBuildFile; fileRef = 276C537C1CA2DE8F00388060 /* InviteFriendsViewController.xib */; };
		27D38FE31C974653006D5770 /* UserMedia.swift in Sources */ = {isa = PBXBuildFile; fileRef = 27D38FE21C974653006D5770 /* UserMedia.swift */; };
		27D38FE71C9747C6006D5770 /* FBSDKCoreKit.framework in Frameworks */ = {isa = PBXBuildFile; fileRef = 27D38FE41C9747C6006D5770 /* FBSDKCoreKit.framework */; };
		27D38FE81C9747C6006D5770 /* FBSDKLoginKit.framework in Frameworks */ = {isa = PBXBuildFile; fileRef = 27D38FE51C9747C6006D5770 /* FBSDKLoginKit.framework */; };
		27D38FE91C9747C6006D5770 /* Bolts.framework in Frameworks */ = {isa = PBXBuildFile; fileRef = 27D38FE61C9747C6006D5770 /* Bolts.framework */; };
		27EAD9F51C8F98B80069BC6F /* AppDelegate.swift in Sources */ = {isa = PBXBuildFile; fileRef = 27EAD9F41C8F98B80069BC6F /* AppDelegate.swift */; };
		27EAD9F71C8F98B80069BC6F /* LoginViewController.swift in Sources */ = {isa = PBXBuildFile; fileRef = 27EAD9F61C8F98B80069BC6F /* LoginViewController.swift */; };
		27EAD9FA1C8F98B80069BC6F /* Main.storyboard in Resources */ = {isa = PBXBuildFile; fileRef = 27EAD9F81C8F98B80069BC6F /* Main.storyboard */; };
		27EAD9FD1C8F98B80069BC6F /* Vente.xcdatamodeld in Sources */ = {isa = PBXBuildFile; fileRef = 27EAD9FB1C8F98B80069BC6F /* Vente.xcdatamodeld */; };
		27EAD9FF1C8F98B80069BC6F /* Assets.xcassets in Resources */ = {isa = PBXBuildFile; fileRef = 27EAD9FE1C8F98B80069BC6F /* Assets.xcassets */; };
		27EADA021C8F98B80069BC6F /* LaunchScreen.storyboard in Resources */ = {isa = PBXBuildFile; fileRef = 27EADA001C8F98B80069BC6F /* LaunchScreen.storyboard */; };
		382B7A751C98C807000B2D5E /* OtherProfileViewController.swift in Sources */ = {isa = PBXBuildFile; fileRef = 382B7A731C98C807000B2D5E /* OtherProfileViewController.swift */; };
		382B7A761C98C807000B2D5E /* OtherProfileViewController.xib in Resources */ = {isa = PBXBuildFile; fileRef = 382B7A741C98C807000B2D5E /* OtherProfileViewController.xib */; };
		382B7A791C98CA6D000B2D5E /* EventsDetailViewController.swift in Sources */ = {isa = PBXBuildFile; fileRef = 382B7A771C98CA6D000B2D5E /* EventsDetailViewController.swift */; };
		382B7A7A1C98CA6D000B2D5E /* EventsDetailViewController.xib in Resources */ = {isa = PBXBuildFile; fileRef = 382B7A781C98CA6D000B2D5E /* EventsDetailViewController.xib */; };
		382B7A831C990A3C000B2D5E /* AttendeesTableViewCell.swift in Sources */ = {isa = PBXBuildFile; fileRef = 382B7A811C990A3C000B2D5E /* AttendeesTableViewCell.swift */; };
		382B7A841C990A3C000B2D5E /* AttendeesTableViewCell.xib in Resources */ = {isa = PBXBuildFile; fileRef = 382B7A821C990A3C000B2D5E /* AttendeesTableViewCell.xib */; };
		3841B5BD1CA361D9003FEAEE /* YelpClient.swift in Sources */ = {isa = PBXBuildFile; fileRef = 3841B5BC1CA361D9003FEAEE /* YelpClient.swift */; };
		3841B5BF1CA36238003FEAEE /* Business.swift in Sources */ = {isa = PBXBuildFile; fileRef = 3841B5BE1CA36238003FEAEE /* Business.swift */; };
		3841B5C21CA4AF13003FEAEE /* EditProfileViewController.swift in Sources */ = {isa = PBXBuildFile; fileRef = 3841B5C01CA4AF13003FEAEE /* EditProfileViewController.swift */; };
		3841B5C31CA4AF13003FEAEE /* EditProfileViewController.xib in Resources */ = {isa = PBXBuildFile; fileRef = 3841B5C11CA4AF13003FEAEE /* EditProfileViewController.xib */; };
		38AA86081C8FA3B800A4020F /* SignUpViewController.swift in Sources */ = {isa = PBXBuildFile; fileRef = 38AA86071C8FA3B800A4020F /* SignUpViewController.swift */; };
		38AA860A1C8FA3F600A4020F /* ExploreViewController.swift in Sources */ = {isa = PBXBuildFile; fileRef = 38AA86091C8FA3F600A4020F /* ExploreViewController.swift */; };
		38AA860C1C8FA40F00A4020F /* MyEventsViewController.swift in Sources */ = {isa = PBXBuildFile; fileRef = 38AA860B1C8FA40F00A4020F /* MyEventsViewController.swift */; };
		38AA860E1C8FA41A00A4020F /* ProfileViewController.swift in Sources */ = {isa = PBXBuildFile; fileRef = 38AA860D1C8FA41A00A4020F /* ProfileViewController.swift */; };
		38AA86101C8FA6E200A4020F /* ExploreTableViewCell.swift in Sources */ = {isa = PBXBuildFile; fileRef = 38AA860F1C8FA6E200A4020F /* ExploreTableViewCell.swift */; };
		38AA86121C8FA73C00A4020F /* MyEventsTableViewCell.swift in Sources */ = {isa = PBXBuildFile; fileRef = 38AA86111C8FA73C00A4020F /* MyEventsTableViewCell.swift */; };
		38E8CD4C1C90E8AF00796901 /* CreateEventViewController.swift in Sources */ = {isa = PBXBuildFile; fileRef = 38E8CD4A1C90E8AF00796901 /* CreateEventViewController.swift */; };
		38E8CD4D1C90E8AF00796901 /* CreateEventViewController.xib in Resources */ = {isa = PBXBuildFile; fileRef = 38E8CD4B1C90E8AF00796901 /* CreateEventViewController.xib */; };
		998C79AC1901CE2F779A2D73 /* Pods_Vente.framework in Frameworks */ = {isa = PBXBuildFile; fileRef = 6439FC470353114C483E092A /* Pods_Vente.framework */; };
/* End PBXBuildFile section */

/* Begin PBXFileReference section */
		273DEF621CAAF51C00EBD504 /* SettingsViewController.swift */ = {isa = PBXFileReference; fileEncoding = 4; lastKnownFileType = sourcecode.swift; path = SettingsViewController.swift; sourceTree = "<group>"; };
		273DEF631CAAF51C00EBD504 /* SettingsViewController.xib */ = {isa = PBXFileReference; fileEncoding = 4; lastKnownFileType = file.xib; path = SettingsViewController.xib; sourceTree = "<group>"; };
		276C537B1CA2DE8F00388060 /* InviteFriendsViewController.swift */ = {isa = PBXFileReference; fileEncoding = 4; lastKnownFileType = sourcecode.swift; path = InviteFriendsViewController.swift; sourceTree = "<group>"; };
		276C537C1CA2DE8F00388060 /* InviteFriendsViewController.xib */ = {isa = PBXFileReference; fileEncoding = 4; lastKnownFileType = file.xib; path = InviteFriendsViewController.xib; sourceTree = "<group>"; };
		27D38FE21C974653006D5770 /* UserMedia.swift */ = {isa = PBXFileReference; fileEncoding = 4; lastKnownFileType = sourcecode.swift; path = UserMedia.swift; sourceTree = "<group>"; };
		27D38FE41C9747C6006D5770 /* FBSDKCoreKit.framework */ = {isa = PBXFileReference; lastKnownFileType = wrapper.framework; path = FBSDKCoreKit.framework; sourceTree = "<group>"; };
		27D38FE51C9747C6006D5770 /* FBSDKLoginKit.framework */ = {isa = PBXFileReference; lastKnownFileType = wrapper.framework; path = FBSDKLoginKit.framework; sourceTree = "<group>"; };
		27D38FE61C9747C6006D5770 /* Bolts.framework */ = {isa = PBXFileReference; lastKnownFileType = wrapper.framework; path = Bolts.framework; sourceTree = "<group>"; };
		27EAD9F11C8F98B80069BC6F /* Vente.app */ = {isa = PBXFileReference; explicitFileType = wrapper.application; includeInIndex = 0; path = Vente.app; sourceTree = BUILT_PRODUCTS_DIR; };
		27EAD9F41C8F98B80069BC6F /* AppDelegate.swift */ = {isa = PBXFileReference; lastKnownFileType = sourcecode.swift; path = AppDelegate.swift; sourceTree = "<group>"; };
		27EAD9F61C8F98B80069BC6F /* LoginViewController.swift */ = {isa = PBXFileReference; lastKnownFileType = sourcecode.swift; path = LoginViewController.swift; sourceTree = "<group>"; };
		27EAD9F91C8F98B80069BC6F /* Base */ = {isa = PBXFileReference; lastKnownFileType = file.storyboard; name = Base; path = Base.lproj/Main.storyboard; sourceTree = "<group>"; };
		27EAD9FC1C8F98B80069BC6F /* Vente.xcdatamodel */ = {isa = PBXFileReference; lastKnownFileType = wrapper.xcdatamodel; path = Vente.xcdatamodel; sourceTree = "<group>"; };
		27EAD9FE1C8F98B80069BC6F /* Assets.xcassets */ = {isa = PBXFileReference; lastKnownFileType = folder.assetcatalog; path = Assets.xcassets; sourceTree = "<group>"; };
		27EADA011C8F98B80069BC6F /* Base */ = {isa = PBXFileReference; lastKnownFileType = file.storyboard; name = Base; path = Base.lproj/LaunchScreen.storyboard; sourceTree = "<group>"; };
		27EADA031C8F98B80069BC6F /* Info.plist */ = {isa = PBXFileReference; lastKnownFileType = text.plist.xml; path = Info.plist; sourceTree = "<group>"; };
		382B7A731C98C807000B2D5E /* OtherProfileViewController.swift */ = {isa = PBXFileReference; fileEncoding = 4; lastKnownFileType = sourcecode.swift; path = OtherProfileViewController.swift; sourceTree = "<group>"; };
		382B7A741C98C807000B2D5E /* OtherProfileViewController.xib */ = {isa = PBXFileReference; fileEncoding = 4; lastKnownFileType = file.xib; path = OtherProfileViewController.xib; sourceTree = "<group>"; };
		382B7A771C98CA6D000B2D5E /* EventsDetailViewController.swift */ = {isa = PBXFileReference; fileEncoding = 4; lastKnownFileType = sourcecode.swift; path = EventsDetailViewController.swift; sourceTree = "<group>"; };
		382B7A781C98CA6D000B2D5E /* EventsDetailViewController.xib */ = {isa = PBXFileReference; fileEncoding = 4; lastKnownFileType = file.xib; path = EventsDetailViewController.xib; sourceTree = "<group>"; };
		382B7A811C990A3C000B2D5E /* AttendeesTableViewCell.swift */ = {isa = PBXFileReference; fileEncoding = 4; lastKnownFileType = sourcecode.swift; path = AttendeesTableViewCell.swift; sourceTree = "<group>"; };
		382B7A821C990A3C000B2D5E /* AttendeesTableViewCell.xib */ = {isa = PBXFileReference; fileEncoding = 4; lastKnownFileType = file.xib; path = AttendeesTableViewCell.xib; sourceTree = "<group>"; };
		3841B5BC1CA361D9003FEAEE /* YelpClient.swift */ = {isa = PBXFileReference; fileEncoding = 4; lastKnownFileType = sourcecode.swift; path = YelpClient.swift; sourceTree = "<group>"; };
		3841B5BE1CA36238003FEAEE /* Business.swift */ = {isa = PBXFileReference; fileEncoding = 4; lastKnownFileType = sourcecode.swift; path = Business.swift; sourceTree = "<group>"; };
		3841B5C01CA4AF13003FEAEE /* EditProfileViewController.swift */ = {isa = PBXFileReference; fileEncoding = 4; lastKnownFileType = sourcecode.swift; path = EditProfileViewController.swift; sourceTree = "<group>"; };
		3841B5C11CA4AF13003FEAEE /* EditProfileViewController.xib */ = {isa = PBXFileReference; fileEncoding = 4; lastKnownFileType = file.xib; path = EditProfileViewController.xib; sourceTree = "<group>"; };
		38AA86071C8FA3B800A4020F /* SignUpViewController.swift */ = {isa = PBXFileReference; fileEncoding = 4; lastKnownFileType = sourcecode.swift; path = SignUpViewController.swift; sourceTree = "<group>"; };
		38AA86091C8FA3F600A4020F /* ExploreViewController.swift */ = {isa = PBXFileReference; fileEncoding = 4; lastKnownFileType = sourcecode.swift; path = ExploreViewController.swift; sourceTree = "<group>"; };
		38AA860B1C8FA40F00A4020F /* MyEventsViewController.swift */ = {isa = PBXFileReference; fileEncoding = 4; lastKnownFileType = sourcecode.swift; path = MyEventsViewController.swift; sourceTree = "<group>"; };
		38AA860D1C8FA41A00A4020F /* ProfileViewController.swift */ = {isa = PBXFileReference; fileEncoding = 4; lastKnownFileType = sourcecode.swift; path = ProfileViewController.swift; sourceTree = "<group>"; };
		38AA860F1C8FA6E200A4020F /* ExploreTableViewCell.swift */ = {isa = PBXFileReference; fileEncoding = 4; lastKnownFileType = sourcecode.swift; path = ExploreTableViewCell.swift; sourceTree = "<group>"; };
		38AA86111C8FA73C00A4020F /* MyEventsTableViewCell.swift */ = {isa = PBXFileReference; fileEncoding = 4; lastKnownFileType = sourcecode.swift; path = MyEventsTableViewCell.swift; sourceTree = "<group>"; };
		38E8CD4A1C90E8AF00796901 /* CreateEventViewController.swift */ = {isa = PBXFileReference; fileEncoding = 4; lastKnownFileType = sourcecode.swift; path = CreateEventViewController.swift; sourceTree = "<group>"; };
		38E8CD4B1C90E8AF00796901 /* CreateEventViewController.xib */ = {isa = PBXFileReference; fileEncoding = 4; lastKnownFileType = file.xib; path = CreateEventViewController.xib; sourceTree = "<group>"; };
		6439FC470353114C483E092A /* Pods_Vente.framework */ = {isa = PBXFileReference; explicitFileType = wrapper.framework; includeInIndex = 0; path = Pods_Vente.framework; sourceTree = BUILT_PRODUCTS_DIR; };
		77EE34EAF608BFF8D3A75FD5 /* Pods-Vente.debug.xcconfig */ = {isa = PBXFileReference; includeInIndex = 1; lastKnownFileType = text.xcconfig; name = "Pods-Vente.debug.xcconfig"; path = "Pods/Target Support Files/Pods-Vente/Pods-Vente.debug.xcconfig"; sourceTree = "<group>"; };
		7963CE69AC357EC7D2B283B6 /* Pods-Vente.release.xcconfig */ = {isa = PBXFileReference; includeInIndex = 1; lastKnownFileType = text.xcconfig; name = "Pods-Vente.release.xcconfig"; path = "Pods/Target Support Files/Pods-Vente/Pods-Vente.release.xcconfig"; sourceTree = "<group>"; };
/* End PBXFileReference section */

/* Begin PBXFrameworksBuildPhase section */
		27EAD9EE1C8F98B80069BC6F /* Frameworks */ = {
			isa = PBXFrameworksBuildPhase;
			buildActionMask = 2147483647;
			files = (
				998C79AC1901CE2F779A2D73 /* Pods_Vente.framework in Frameworks */,
				27D38FE71C9747C6006D5770 /* FBSDKCoreKit.framework in Frameworks */,
				27D38FE81C9747C6006D5770 /* FBSDKLoginKit.framework in Frameworks */,
				27D38FE91C9747C6006D5770 /* Bolts.framework in Frameworks */,
			);
			runOnlyForDeploymentPostprocessing = 0;
		};
/* End PBXFrameworksBuildPhase section */

/* Begin PBXGroup section */
		273DEF611CAAF35900EBD504 /* Settings */ = {
			isa = PBXGroup;
			children = (
				273DEF621CAAF51C00EBD504 /* SettingsViewController.swift */,
				273DEF631CAAF51C00EBD504 /* SettingsViewController.xib */,
			);
			name = Settings;
			sourceTree = "<group>";
		};
		276C537A1CA2DE5B00388060 /* InviteFriends */ = {
			isa = PBXGroup;
			children = (
				276C537B1CA2DE8F00388060 /* InviteFriendsViewController.swift */,
				276C537C1CA2DE8F00388060 /* InviteFriendsViewController.xib */,
			);
			name = InviteFriends;
			sourceTree = "<group>";
		};
		27A3731C1C90F0F6004CB934 /* LoginSignViewControllers */ = {
			isa = PBXGroup;
			children = (
				27EAD9F61C8F98B80069BC6F /* LoginViewController.swift */,
				38AA86071C8FA3B800A4020F /* SignUpViewController.swift */,
			);
			name = LoginSignViewControllers;
			sourceTree = "<group>";
		};
		27A3731D1C90F142004CB934 /* FromExplore */ = {
			isa = PBXGroup;
			children = (
				38AA86091C8FA3F600A4020F /* ExploreViewController.swift */,
				273DEF611CAAF35900EBD504 /* Settings */,
				382B7A851C9B6895000B2D5E /* EventDetails */,
				38E8CD4E1C90EE7400796901 /* CreateEventViewController */,
				276C537A1CA2DE5B00388060 /* InviteFriends */,
			);
			name = FromExplore;
			sourceTree = "<group>";
		};
		27A3731E1C90F154004CB934 /* FromMyEvents */ = {
			isa = PBXGroup;
			children = (
				38AA860B1C8FA40F00A4020F /* MyEventsViewController.swift */,
			);
			name = FromMyEvents;
			sourceTree = "<group>";
		};
		27A3731F1C90F18A004CB934 /* FromProfile */ = {
			isa = PBXGroup;
			children = (
				38AA860D1C8FA41A00A4020F /* ProfileViewController.swift */,
				27B831611CA9BE0700F20D60 /* EditProfile */,
				382B7A861C9B68BF000B2D5E /* OtherProfile */,
			);
			name = FromProfile;
			sourceTree = "<group>";
		};
		27B831611CA9BE0700F20D60 /* EditProfile */ = {
			isa = PBXGroup;
			children = (
				3841B5C01CA4AF13003FEAEE /* EditProfileViewController.swift */,
				3841B5C11CA4AF13003FEAEE /* EditProfileViewController.xib */,
			);
			name = EditProfile;
			sourceTree = "<group>";
		};
		27EAD9E81C8F98B80069BC6F = {
			isa = PBXGroup;
			children = (
				27EAD9F31C8F98B80069BC6F /* Vente */,
				27EAD9F21C8F98B80069BC6F /* Products */,
				D8589377DE6E734AAC105AA0 /* Pods */,
				D3D15AC289945D7994DB2D63 /* Frameworks */,
			);
			sourceTree = "<group>";
		};
		27EAD9F21C8F98B80069BC6F /* Products */ = {
			isa = PBXGroup;
			children = (
				27EAD9F11C8F98B80069BC6F /* Vente.app */,
			);
			name = Products;
			sourceTree = "<group>";
		};
		27EAD9F31C8F98B80069BC6F /* Vente */ = {
			isa = PBXGroup;
			children = (
				27EADA0B1C8F98CB0069BC6F /* Cells */,
				27EADA0A1C8F98C40069BC6F /* API's */,
				27EADA091C8F98BC0069BC6F /* Models */,
				27EADA0C1C8F98D10069BC6F /* ViewControllers */,
				27EAD9F41C8F98B80069BC6F /* AppDelegate.swift */,
				27EAD9F81C8F98B80069BC6F /* Main.storyboard */,
				27EAD9FE1C8F98B80069BC6F /* Assets.xcassets */,
				27EADA001C8F98B80069BC6F /* LaunchScreen.storyboard */,
				27EADA031C8F98B80069BC6F /* Info.plist */,
				27EAD9FB1C8F98B80069BC6F /* Vente.xcdatamodeld */,
			);
			path = Vente;
			sourceTree = "<group>";
		};
		27EADA091C8F98BC0069BC6F /* Models */ = {
			isa = PBXGroup;
			children = (
				27D38FE21C974653006D5770 /* UserMedia.swift */,
				3841B5BE1CA36238003FEAEE /* Business.swift */,
			);
			name = Models;
			sourceTree = "<group>";
		};
		27EADA0A1C8F98C40069BC6F /* API's */ = {
			isa = PBXGroup;
			children = (
				3841B5BC1CA361D9003FEAEE /* YelpClient.swift */,
			);
			name = "API's";
			sourceTree = "<group>";
		};
		27EADA0B1C8F98CB0069BC6F /* Cells */ = {
			isa = PBXGroup;
			children = (
				38AA86111C8FA73C00A4020F /* MyEventsTableViewCell.swift */,
				38AA860F1C8FA6E200A4020F /* ExploreTableViewCell.swift */,
				382B7A811C990A3C000B2D5E /* AttendeesTableViewCell.swift */,
				382B7A821C990A3C000B2D5E /* AttendeesTableViewCell.xib */,
			);
			name = Cells;
			sourceTree = "<group>";
		};
		27EADA0C1C8F98D10069BC6F /* ViewControllers */ = {
			isa = PBXGroup;
			children = (
				27A3731C1C90F0F6004CB934 /* LoginSignViewControllers */,
				27A3731D1C90F142004CB934 /* FromExplore */,
				27A3731E1C90F154004CB934 /* FromMyEvents */,
				27A3731F1C90F18A004CB934 /* FromProfile */,
			);
			name = ViewControllers;
			sourceTree = "<group>";
		};
		382B7A851C9B6895000B2D5E /* EventDetails */ = {
			isa = PBXGroup;
			children = (
				382B7A771C98CA6D000B2D5E /* EventsDetailViewController.swift */,
				382B7A781C98CA6D000B2D5E /* EventsDetailViewController.xib */,
			);
			name = EventDetails;
			sourceTree = "<group>";
		};
		382B7A861C9B68BF000B2D5E /* OtherProfile */ = {
			isa = PBXGroup;
			children = (
				382B7A731C98C807000B2D5E /* OtherProfileViewController.swift */,
				382B7A741C98C807000B2D5E /* OtherProfileViewController.xib */,
			);
			name = OtherProfile;
			sourceTree = "<group>";
		};
		38E8CD4E1C90EE7400796901 /* CreateEventViewController */ = {
			isa = PBXGroup;
			children = (
				38E8CD4A1C90E8AF00796901 /* CreateEventViewController.swift */,
				38E8CD4B1C90E8AF00796901 /* CreateEventViewController.xib */,
			);
			name = CreateEventViewController;
			sourceTree = "<group>";
		};
		D3D15AC289945D7994DB2D63 /* Frameworks */ = {
			isa = PBXGroup;
			children = (
				27D38FE41C9747C6006D5770 /* FBSDKCoreKit.framework */,
				27D38FE51C9747C6006D5770 /* FBSDKLoginKit.framework */,
				27D38FE61C9747C6006D5770 /* Bolts.framework */,
				6439FC470353114C483E092A /* Pods_Vente.framework */,
			);
			name = Frameworks;
			sourceTree = "<group>";
		};
		D8589377DE6E734AAC105AA0 /* Pods */ = {
			isa = PBXGroup;
			children = (
				77EE34EAF608BFF8D3A75FD5 /* Pods-Vente.debug.xcconfig */,
				7963CE69AC357EC7D2B283B6 /* Pods-Vente.release.xcconfig */,
			);
			name = Pods;
			sourceTree = "<group>";
		};
/* End PBXGroup section */

/* Begin PBXNativeTarget section */
		27EAD9F01C8F98B80069BC6F /* Vente */ = {
			isa = PBXNativeTarget;
			buildConfigurationList = 27EADA061C8F98B80069BC6F /* Build configuration list for PBXNativeTarget "Vente" */;
			buildPhases = (
				C3E91F8726727462E6C3874B /* Check Pods Manifest.lock */,
				27EAD9ED1C8F98B80069BC6F /* Sources */,
				27EAD9EE1C8F98B80069BC6F /* Frameworks */,
				27EAD9EF1C8F98B80069BC6F /* Resources */,
				F27F7461C54C7322A05D9536 /* Embed Pods Frameworks */,
				3D7B060A948E183862629059 /* Copy Pods Resources */,
			);
			buildRules = (
			);
			dependencies = (
			);
			name = Vente;
			productName = Vente;
			productReference = 27EAD9F11C8F98B80069BC6F /* Vente.app */;
			productType = "com.apple.product-type.application";
		};
/* End PBXNativeTarget section */

/* Begin PBXProject section */
		27EAD9E91C8F98B80069BC6F /* Project object */ = {
			isa = PBXProject;
			attributes = {
				LastSwiftUpdateCheck = 0720;
				LastUpgradeCheck = 0720;
				ORGANIZATIONNAME = nickbryanmiller;
				TargetAttributes = {
					27EAD9F01C8F98B80069BC6F = {
						CreatedOnToolsVersion = 7.2.1;
					};
				};
			};
			buildConfigurationList = 27EAD9EC1C8F98B80069BC6F /* Build configuration list for PBXProject "Vente" */;
			compatibilityVersion = "Xcode 3.2";
			developmentRegion = English;
			hasScannedForEncodings = 0;
			knownRegions = (
				en,
				Base,
			);
			mainGroup = 27EAD9E81C8F98B80069BC6F;
			productRefGroup = 27EAD9F21C8F98B80069BC6F /* Products */;
			projectDirPath = "";
			projectRoot = "";
			targets = (
				27EAD9F01C8F98B80069BC6F /* Vente */,
			);
		};
/* End PBXProject section */

/* Begin PBXResourcesBuildPhase section */
		27EAD9EF1C8F98B80069BC6F /* Resources */ = {
			isa = PBXResourcesBuildPhase;
			buildActionMask = 2147483647;
			files = (
				382B7A841C990A3C000B2D5E /* AttendeesTableViewCell.xib in Resources */,
				276C537E1CA2DE8F00388060 /* InviteFriendsViewController.xib in Resources */,
				382B7A7A1C98CA6D000B2D5E /* EventsDetailViewController.xib in Resources */,
				27EADA021C8F98B80069BC6F /* LaunchScreen.storyboard in Resources */,
				27EAD9FF1C8F98B80069BC6F /* Assets.xcassets in Resources */,
				27EAD9FA1C8F98B80069BC6F /* Main.storyboard in Resources */,
				38E8CD4D1C90E8AF00796901 /* CreateEventViewController.xib in Resources */,
				382B7A761C98C807000B2D5E /* OtherProfileViewController.xib in Resources */,
				3841B5C31CA4AF13003FEAEE /* EditProfileViewController.xib in Resources */,
				273DEF651CAAF51C00EBD504 /* SettingsViewController.xib in Resources */,
			);
			runOnlyForDeploymentPostprocessing = 0;
		};
/* End PBXResourcesBuildPhase section */

/* Begin PBXShellScriptBuildPhase section */
		3D7B060A948E183862629059 /* Copy Pods Resources */ = {
			isa = PBXShellScriptBuildPhase;
			buildActionMask = 2147483647;
			files = (
			);
			inputPaths = (
			);
			name = "Copy Pods Resources";
			outputPaths = (
			);
			runOnlyForDeploymentPostprocessing = 0;
			shellPath = /bin/sh;
			shellScript = "\"${SRCROOT}/Pods/Target Support Files/Pods-Vente/Pods-Vente-resources.sh\"\n";
			showEnvVarsInLog = 0;
		};
		C3E91F8726727462E6C3874B /* Check Pods Manifest.lock */ = {
			isa = PBXShellScriptBuildPhase;
			buildActionMask = 2147483647;
			files = (
			);
			inputPaths = (
			);
			name = "Check Pods Manifest.lock";
			outputPaths = (
			);
			runOnlyForDeploymentPostprocessing = 0;
			shellPath = /bin/sh;
			shellScript = "diff \"${PODS_ROOT}/../Podfile.lock\" \"${PODS_ROOT}/Manifest.lock\" > /dev/null\nif [[ $? != 0 ]] ; then\n    cat << EOM\nerror: The sandbox is not in sync with the Podfile.lock. Run 'pod install' or update your CocoaPods installation.\nEOM\n    exit 1\nfi\n";
			showEnvVarsInLog = 0;
		};
		F27F7461C54C7322A05D9536 /* Embed Pods Frameworks */ = {
			isa = PBXShellScriptBuildPhase;
			buildActionMask = 2147483647;
			files = (
			);
			inputPaths = (
			);
			name = "Embed Pods Frameworks";
			outputPaths = (
			);
			runOnlyForDeploymentPostprocessing = 0;
			shellPath = /bin/sh;
			shellScript = "\"${SRCROOT}/Pods/Target Support Files/Pods-Vente/Pods-Vente-frameworks.sh\"\n";
			showEnvVarsInLog = 0;
		};
/* End PBXShellScriptBuildPhase section */

/* Begin PBXSourcesBuildPhase section */
		27EAD9ED1C8F98B80069BC6F /* Sources */ = {
			isa = PBXSourcesBuildPhase;
			buildActionMask = 2147483647;
			files = (
				27EAD9FD1C8F98B80069BC6F /* Vente.xcdatamodeld in Sources */,
				276C537D1CA2DE8F00388060 /* InviteFriendsViewController.swift in Sources */,
				38AA860C1C8FA40F00A4020F /* MyEventsViewController.swift in Sources */,
				3841B5BF1CA36238003FEAEE /* Business.swift in Sources */,
				27EAD9F71C8F98B80069BC6F /* LoginViewController.swift in Sources */,
				273DEF641CAAF51C00EBD504 /* SettingsViewController.swift in Sources */,
				3841B5BD1CA361D9003FEAEE /* YelpClient.swift in Sources */,
				38AA860A1C8FA3F600A4020F /* ExploreViewController.swift in Sources */,
				38AA860E1C8FA41A00A4020F /* ProfileViewController.swift in Sources */,
				3841B5C21CA4AF13003FEAEE /* EditProfileViewController.swift in Sources */,
				382B7A791C98CA6D000B2D5E /* EventsDetailViewController.swift in Sources */,
				38AA86081C8FA3B800A4020F /* SignUpViewController.swift in Sources */,
				27EAD9F51C8F98B80069BC6F /* AppDelegate.swift in Sources */,
				38E8CD4C1C90E8AF00796901 /* CreateEventViewController.swift in Sources */,
				382B7A831C990A3C000B2D5E /* AttendeesTableViewCell.swift in Sources */,
				38AA86101C8FA6E200A4020F /* ExploreTableViewCell.swift in Sources */,
				27D38FE31C974653006D5770 /* UserMedia.swift in Sources */,
				382B7A751C98C807000B2D5E /* OtherProfileViewController.swift in Sources */,
				38AA86121C8FA73C00A4020F /* MyEventsTableViewCell.swift in Sources */,
			);
			runOnlyForDeploymentPostprocessing = 0;
		};
/* End PBXSourcesBuildPhase section */

/* Begin PBXVariantGroup section */
		27EAD9F81C8F98B80069BC6F /* Main.storyboard */ = {
			isa = PBXVariantGroup;
			children = (
				27EAD9F91C8F98B80069BC6F /* Base */,
			);
			name = Main.storyboard;
			sourceTree = "<group>";
		};
		27EADA001C8F98B80069BC6F /* LaunchScreen.storyboard */ = {
			isa = PBXVariantGroup;
			children = (
				27EADA011C8F98B80069BC6F /* Base */,
			);
			name = LaunchScreen.storyboard;
			sourceTree = "<group>";
		};
/* End PBXVariantGroup section */

/* Begin XCBuildConfiguration section */
		27EADA041C8F98B80069BC6F /* Debug */ = {
			isa = XCBuildConfiguration;
			buildSettings = {
				ALWAYS_SEARCH_USER_PATHS = NO;
				CLANG_CXX_LANGUAGE_STANDARD = "gnu++0x";
				CLANG_CXX_LIBRARY = "libc++";
				CLANG_ENABLE_MODULES = YES;
				CLANG_ENABLE_OBJC_ARC = YES;
				CLANG_WARN_BOOL_CONVERSION = YES;
				CLANG_WARN_CONSTANT_CONVERSION = YES;
				CLANG_WARN_DIRECT_OBJC_ISA_USAGE = YES_ERROR;
				CLANG_WARN_EMPTY_BODY = YES;
				CLANG_WARN_ENUM_CONVERSION = YES;
				CLANG_WARN_INT_CONVERSION = YES;
				CLANG_WARN_OBJC_ROOT_CLASS = YES_ERROR;
				CLANG_WARN_UNREACHABLE_CODE = YES;
				CLANG_WARN__DUPLICATE_METHOD_MATCH = YES;
				"CODE_SIGN_IDENTITY[sdk=iphoneos*]" = "iPhone Developer";
				COPY_PHASE_STRIP = NO;
				DEBUG_INFORMATION_FORMAT = dwarf;
				ENABLE_STRICT_OBJC_MSGSEND = YES;
				ENABLE_TESTABILITY = YES;
				GCC_C_LANGUAGE_STANDARD = gnu99;
				GCC_DYNAMIC_NO_PIC = NO;
				GCC_NO_COMMON_BLOCKS = YES;
				GCC_OPTIMIZATION_LEVEL = 0;
				GCC_PREPROCESSOR_DEFINITIONS = (
					"DEBUG=1",
					"$(inherited)",
				);
				GCC_WARN_64_TO_32_BIT_CONVERSION = YES;
				GCC_WARN_ABOUT_RETURN_TYPE = YES_ERROR;
				GCC_WARN_UNDECLARED_SELECTOR = YES;
				GCC_WARN_UNINITIALIZED_AUTOS = YES_AGGRESSIVE;
				GCC_WARN_UNUSED_FUNCTION = YES;
				GCC_WARN_UNUSED_VARIABLE = YES;
				IPHONEOS_DEPLOYMENT_TARGET = 9.2;
				MTL_ENABLE_DEBUG_INFO = YES;
				ONLY_ACTIVE_ARCH = YES;
				SDKROOT = iphoneos;
				SWIFT_OPTIMIZATION_LEVEL = "-Onone";
			};
			name = Debug;
		};
		27EADA051C8F98B80069BC6F /* Release */ = {
			isa = XCBuildConfiguration;
			buildSettings = {
				ALWAYS_SEARCH_USER_PATHS = NO;
				CLANG_CXX_LANGUAGE_STANDARD = "gnu++0x";
				CLANG_CXX_LIBRARY = "libc++";
				CLANG_ENABLE_MODULES = YES;
				CLANG_ENABLE_OBJC_ARC = YES;
				CLANG_WARN_BOOL_CONVERSION = YES;
				CLANG_WARN_CONSTANT_CONVERSION = YES;
				CLANG_WARN_DIRECT_OBJC_ISA_USAGE = YES_ERROR;
				CLANG_WARN_EMPTY_BODY = YES;
				CLANG_WARN_ENUM_CONVERSION = YES;
				CLANG_WARN_INT_CONVERSION = YES;
				CLANG_WARN_OBJC_ROOT_CLASS = YES_ERROR;
				CLANG_WARN_UNREACHABLE_CODE = YES;
				CLANG_WARN__DUPLICATE_METHOD_MATCH = YES;
				"CODE_SIGN_IDENTITY[sdk=iphoneos*]" = "iPhone Developer";
				COPY_PHASE_STRIP = NO;
				DEBUG_INFORMATION_FORMAT = "dwarf-with-dsym";
				ENABLE_NS_ASSERTIONS = NO;
				ENABLE_STRICT_OBJC_MSGSEND = YES;
				GCC_C_LANGUAGE_STANDARD = gnu99;
				GCC_NO_COMMON_BLOCKS = YES;
				GCC_WARN_64_TO_32_BIT_CONVERSION = YES;
				GCC_WARN_ABOUT_RETURN_TYPE = YES_ERROR;
				GCC_WARN_UNDECLARED_SELECTOR = YES;
				GCC_WARN_UNINITIALIZED_AUTOS = YES_AGGRESSIVE;
				GCC_WARN_UNUSED_FUNCTION = YES;
				GCC_WARN_UNUSED_VARIABLE = YES;
				IPHONEOS_DEPLOYMENT_TARGET = 9.2;
				MTL_ENABLE_DEBUG_INFO = NO;
				SDKROOT = iphoneos;
				VALIDATE_PRODUCT = YES;
			};
			name = Release;
		};
		27EADA071C8F98B80069BC6F /* Debug */ = {
			isa = XCBuildConfiguration;
			baseConfigurationReference = 77EE34EAF608BFF8D3A75FD5 /* Pods-Vente.debug.xcconfig */;
			buildSettings = {
				ASSETCATALOG_COMPILER_APPICON_NAME = AppIcon;
				FRAMEWORK_SEARCH_PATHS = (
					"$(inherited)",
					"$(PROJECT_DIR)",
				);
				INFOPLIST_FILE = Vente/Info.plist;
				LD_RUNPATH_SEARCH_PATHS = "$(inherited) @executable_path/Frameworks";
				PRODUCT_BUNDLE_IDENTIFIER = nickbryanmiller.Vente;
				PRODUCT_NAME = "$(TARGET_NAME)";
			};
			name = Debug;
		};
		27EADA081C8F98B80069BC6F /* Release */ = {
			isa = XCBuildConfiguration;
			baseConfigurationReference = 7963CE69AC357EC7D2B283B6 /* Pods-Vente.release.xcconfig */;
			buildSettings = {
				ASSETCATALOG_COMPILER_APPICON_NAME = AppIcon;
				FRAMEWORK_SEARCH_PATHS = (
					"$(inherited)",
					"$(PROJECT_DIR)",
				);
				INFOPLIST_FILE = Vente/Info.plist;
				LD_RUNPATH_SEARCH_PATHS = "$(inherited) @executable_path/Frameworks";
				PRODUCT_BUNDLE_IDENTIFIER = nickbryanmiller.Vente;
				PRODUCT_NAME = "$(TARGET_NAME)";
			};
			name = Release;
		};
/* End XCBuildConfiguration section */

/* Begin XCConfigurationList section */
		27EAD9EC1C8F98B80069BC6F /* Build configuration list for PBXProject "Vente" */ = {
			isa = XCConfigurationList;
			buildConfigurations = (
				27EADA041C8F98B80069BC6F /* Debug */,
				27EADA051C8F98B80069BC6F /* Release */,
			);
			defaultConfigurationIsVisible = 0;
			defaultConfigurationName = Release;
		};
		27EADA061C8F98B80069BC6F /* Build configuration list for PBXNativeTarget "Vente" */ = {
			isa = XCConfigurationList;
			buildConfigurations = (
				27EADA071C8F98B80069BC6F /* Debug */,
				27EADA081C8F98B80069BC6F /* Release */,
			);
			defaultConfigurationIsVisible = 0;
			defaultConfigurationName = Release;
		};
/* End XCConfigurationList section */

/* Begin XCVersionGroup section */
		27EAD9FB1C8F98B80069BC6F /* Vente.xcdatamodeld */ = {
			isa = XCVersionGroup;
			children = (
				27EAD9FC1C8F98B80069BC6F /* Vente.xcdatamodel */,
			);
			currentVersion = 27EAD9FC1C8F98B80069BC6F /* Vente.xcdatamodel */;
			path = Vente.xcdatamodeld;
			sourceTree = "<group>";
			versionGroupType = wrapper.xcdatamodel;
		};
/* End XCVersionGroup section */
	};
	rootObject = 27EAD9E91C8F98B80069BC6F /* Project object */;
}
